
Microsoft Visual Studio Solution File, Format Version 12.00
# Visual Studio Version 16
VisualStudioVersion = 16.0.30204.135
MinimumVisualStudioVersion = 10.0.40219.1
Project("{9A19103F-16F7-4668-BE54-9A1E7A4F7556}") = "TemplateMethod", "TemplateMethod\TemplateMethod.csproj", "{98C6C137-31D1-43AC-926A-A27827EBB14D}"
EndProject
Project("{9A19103F-16F7-4668-BE54-9A1E7A4F7556}") = "Strategy", "Strategy\Strategy.csproj", "{4712F3BF-C6F1-410C-94B1-AA7DF20633DD}"
EndProject
Project("{9A19103F-16F7-4668-BE54-9A1E7A4F7556}") = "Singleton", "Singleton\Singleton.csproj", "{133145C0-2F55-4F57-B5F7-04466FDB064D}"
EndProject
Project("{9A19103F-16F7-4668-BE54-9A1E7A4F7556}") = "Observer", "Observer\Observer.csproj", "{F285AA91-C764-4625-B41A-D971C50CEB08}"
EndProject
Project("{9A19103F-16F7-4668-BE54-9A1E7A4F7556}") = "Facade", "Facade\Facade.csproj", "{747BE944-1031-47AA-BAA4-C34D2B2C1CC1}"
EndProject
Project("{9A19103F-16F7-4668-BE54-9A1E7A4F7556}") = "FactoryMethod", "FactoryMethod\FactoryMethod.csproj", "{F1E65B43-4485-45D0-81E7-F904BC88E331}"
EndProject
Project("{9A19103F-16F7-4668-BE54-9A1E7A4F7556}") = "Decorator", "Decorator\Decorator.csproj", "{1AF8B38E-3C40-42CF-B091-3C7578417C80}"
EndProject
Project("{9A19103F-16F7-4668-BE54-9A1E7A4F7556}") = "Command", "Command\Command.csproj", "{DACDFD9C-78BD-491C-855A-6E3727A00B26}"
EndProject
Project("{9A19103F-16F7-4668-BE54-9A1E7A4F7556}") = "Adapter", "Adapter\Adapter.csproj", "{11B97943-6FC2-4369-BC91-1CC658AF1DE4}"
EndProject
Project("{9A19103F-16F7-4668-BE54-9A1E7A4F7556}") = "Visitor", "Visitor\Visitor.csproj", "{DCE63889-A7EB-4B4B-B498-A642466AF0EF}"
EndProject
Project("{9A19103F-16F7-4668-BE54-9A1E7A4F7556}") = "Iterator", "Iterator\Iterator.csproj", "{11B96625-7C13-4F96-AB8E-119B310180D3}"
EndProject
Project("{9A19103F-16F7-4668-BE54-9A1E7A4F7556}") = "Composite", "Composite\Composite.csproj", "{47427F68-8B47-4EF1-B7FD-A554F20B95BD}"
EndProject
Project("{9A19103F-16F7-4668-BE54-9A1E7A4F7556}") = "AbstractFactory", "AbstractFactory\AbstractFactory.csproj", "{5878C925-71CA-421D-9012-CCC2D92AA3AA}"
EndProject
Project("{9A19103F-16F7-4668-BE54-9A1E7A4F7556}") = "Bridge", "Bridge\Bridge.csproj", "{7728363E-788E-4DCF-8278-2D2A6F5C0104}"
EndProject
Project("{FAE04EC0-301F-11D3-BF4B-00C04F79EFBC}") = "Builder", "Builder\Builder.csproj", "{A27ACF32-15E5-40C0-80EE-BA999307E729}"
EndProject
Global
	GlobalSection(SolutionConfigurationPlatforms) = preSolution
		Debug|Any CPU = Debug|Any CPU
		Release|Any CPU = Release|Any CPU
	EndGlobalSection
	GlobalSection(ProjectConfigurationPlatforms) = postSolution
		{98C6C137-31D1-43AC-926A-A27827EBB14D}.Debug|Any CPU.ActiveCfg = Debug|Any CPU
		{98C6C137-31D1-43AC-926A-A27827EBB14D}.Debug|Any CPU.Build.0 = Debug|Any CPU
		{98C6C137-31D1-43AC-926A-A27827EBB14D}.Release|Any CPU.ActiveCfg = Release|Any CPU
		{98C6C137-31D1-43AC-926A-A27827EBB14D}.Release|Any CPU.Build.0 = Release|Any CPU
		{4712F3BF-C6F1-410C-94B1-AA7DF20633DD}.Debug|Any CPU.ActiveCfg = Debug|Any CPU
		{4712F3BF-C6F1-410C-94B1-AA7DF20633DD}.Debug|Any CPU.Build.0 = Debug|Any CPU
		{4712F3BF-C6F1-410C-94B1-AA7DF20633DD}.Release|Any CPU.ActiveCfg = Release|Any CPU
		{4712F3BF-C6F1-410C-94B1-AA7DF20633DD}.Release|Any CPU.Build.0 = Release|Any CPU
		{133145C0-2F55-4F57-B5F7-04466FDB064D}.Debug|Any CPU.ActiveCfg = Debug|Any CPU
		{133145C0-2F55-4F57-B5F7-04466FDB064D}.Debug|Any CPU.Build.0 = Debug|Any CPU
		{133145C0-2F55-4F57-B5F7-04466FDB064D}.Release|Any CPU.ActiveCfg = Release|Any CPU
		{133145C0-2F55-4F57-B5F7-04466FDB064D}.Release|Any CPU.Build.0 = Release|Any CPU
		{F285AA91-C764-4625-B41A-D971C50CEB08}.Debug|Any CPU.ActiveCfg = Debug|Any CPU
		{F285AA91-C764-4625-B41A-D971C50CEB08}.Debug|Any CPU.Build.0 = Debug|Any CPU
		{F285AA91-C764-4625-B41A-D971C50CEB08}.Release|Any CPU.ActiveCfg = Release|Any CPU
		{F285AA91-C764-4625-B41A-D971C50CEB08}.Release|Any CPU.Build.0 = Release|Any CPU
		{747BE944-1031-47AA-BAA4-C34D2B2C1CC1}.Debug|Any CPU.ActiveCfg = Debug|Any CPU
		{747BE944-1031-47AA-BAA4-C34D2B2C1CC1}.Debug|Any CPU.Build.0 = Debug|Any CPU
		{747BE944-1031-47AA-BAA4-C34D2B2C1CC1}.Release|Any CPU.ActiveCfg = Release|Any CPU
		{747BE944-1031-47AA-BAA4-C34D2B2C1CC1}.Release|Any CPU.Build.0 = Release|Any CPU
		{F1E65B43-4485-45D0-81E7-F904BC88E331}.Debug|Any CPU.ActiveCfg = Debug|Any CPU
		{F1E65B43-4485-45D0-81E7-F904BC88E331}.Debug|Any CPU.Build.0 = Debug|Any CPU
		{F1E65B43-4485-45D0-81E7-F904BC88E331}.Release|Any CPU.ActiveCfg = Release|Any CPU
		{F1E65B43-4485-45D0-81E7-F904BC88E331}.Release|Any CPU.Build.0 = Release|Any CPU
		{1AF8B38E-3C40-42CF-B091-3C7578417C80}.Debug|Any CPU.ActiveCfg = Debug|Any CPU
		{1AF8B38E-3C40-42CF-B091-3C7578417C80}.Debug|Any CPU.Build.0 = Debug|Any CPU
		{1AF8B38E-3C40-42CF-B091-3C7578417C80}.Release|Any CPU.ActiveCfg = Release|Any CPU
		{1AF8B38E-3C40-42CF-B091-3C7578417C80}.Release|Any CPU.Build.0 = Release|Any CPU
		{DACDFD9C-78BD-491C-855A-6E3727A00B26}.Debug|Any CPU.ActiveCfg = Debug|Any CPU
		{DACDFD9C-78BD-491C-855A-6E3727A00B26}.Debug|Any CPU.Build.0 = Debug|Any CPU
		{DACDFD9C-78BD-491C-855A-6E3727A00B26}.Release|Any CPU.ActiveCfg = Release|Any CPU
		{DACDFD9C-78BD-491C-855A-6E3727A00B26}.Release|Any CPU.Build.0 = Release|Any CPU
		{11B97943-6FC2-4369-BC91-1CC658AF1DE4}.Debug|Any CPU.ActiveCfg = Debug|Any CPU
		{11B97943-6FC2-4369-BC91-1CC658AF1DE4}.Debug|Any CPU.Build.0 = Debug|Any CPU
		{11B97943-6FC2-4369-BC91-1CC658AF1DE4}.Release|Any CPU.ActiveCfg = Release|Any CPU
		{11B97943-6FC2-4369-BC91-1CC658AF1DE4}.Release|Any CPU.Build.0 = Release|Any CPU
		{DCE63889-A7EB-4B4B-B498-A642466AF0EF}.Debug|Any CPU.ActiveCfg = Debug|Any CPU
		{DCE63889-A7EB-4B4B-B498-A642466AF0EF}.Debug|Any CPU.Build.0 = Debug|Any CPU
		{DCE63889-A7EB-4B4B-B498-A642466AF0EF}.Release|Any CPU.ActiveCfg = Release|Any CPU
		{DCE63889-A7EB-4B4B-B498-A642466AF0EF}.Release|Any CPU.Build.0 = Release|Any CPU
		{11B96625-7C13-4F96-AB8E-119B310180D3}.Debug|Any CPU.ActiveCfg = Debug|Any CPU
		{11B96625-7C13-4F96-AB8E-119B310180D3}.Debug|Any CPU.Build.0 = Debug|Any CPU
		{11B96625-7C13-4F96-AB8E-119B310180D3}.Release|Any CPU.ActiveCfg = Release|Any CPU
		{11B96625-7C13-4F96-AB8E-119B310180D3}.Release|Any CPU.Build.0 = Release|Any CPU
		{47427F68-8B47-4EF1-B7FD-A554F20B95BD}.Debug|Any CPU.ActiveCfg = Debug|Any CPU
		{47427F68-8B47-4EF1-B7FD-A554F20B95BD}.Debug|Any CPU.Build.0 = Debug|Any CPU
		{47427F68-8B47-4EF1-B7FD-A554F20B95BD}.Release|Any CPU.ActiveCfg = Release|Any CPU
		{47427F68-8B47-4EF1-B7FD-A554F20B95BD}.Release|Any CPU.Build.0 = Release|Any CPU
		{5878C925-71CA-421D-9012-CCC2D92AA3AA}.Debug|Any CPU.ActiveCfg = Debug|Any CPU
		{5878C925-71CA-421D-9012-CCC2D92AA3AA}.Debug|Any CPU.Build.0 = Debug|Any CPU
		{5878C925-71CA-421D-9012-CCC2D92AA3AA}.Release|Any CPU.ActiveCfg = Release|Any CPU
		{5878C925-71CA-421D-9012-CCC2D92AA3AA}.Release|Any CPU.Build.0 = Release|Any CPU
		{7728363E-788E-4DCF-8278-2D2A6F5C0104}.Debug|Any CPU.ActiveCfg = Debug|Any CPU
		{7728363E-788E-4DCF-8278-2D2A6F5C0104}.Debug|Any CPU.Build.0 = Debug|Any CPU
		{7728363E-788E-4DCF-8278-2D2A6F5C0104}.Release|Any CPU.ActiveCfg = Release|Any CPU
		{7728363E-788E-4DCF-8278-2D2A6F5C0104}.Release|Any CPU.Build.0 = Release|Any CPU
		{A27ACF32-15E5-40C0-80EE-BA999307E729}.Debug|Any CPU.ActiveCfg = Debug|Any CPU
		{A27ACF32-15E5-40C0-80EE-BA999307E729}.Debug|Any CPU.Build.0 = Debug|Any CPU
		{A27ACF32-15E5-40C0-80EE-BA999307E729}.Release|Any CPU.ActiveCfg = Release|Any CPU
		{A27ACF32-15E5-40C0-80EE-BA999307E729}.Release|Any CPU.Build.0 = Release|Any CPU
	EndGlobalSection
	GlobalSection(SolutionProperties) = preSolution
		HideSolutionNode = FALSE
	EndGlobalSection
	GlobalSection(ExtensibilityGlobals) = postSolution
		SolutionGuid = {0E9E6E2F-0FC7-4F88-B683-A6050723BC7C}
	EndGlobalSection
EndGlobal
